
Microsoft Visual Studio Solution File, Format Version 12.00
# Visual Studio Version 16
VisualStudioVersion = 16.0.31005.135
MinimumVisualStudioVersion = 10.0.40219.1
Project("{FAE04EC0-301F-11D3-BF4B-00C04F79EFBC}") = "LateShiftTool", "LateShiftTool.csproj", "{AC386553-43E5-4C6A-9847-B3B522C53361}"
EndProject
Global
	GlobalSection(SolutionConfigurationPlatforms) = preSolution
		Debug|Any CPU = Debug|Any CPU
		Release|Any CPU = Release|Any CPU
	EndGlobalSection
	GlobalSection(ProjectConfigurationPlatforms) = postSolution
		{AC386553-43E5-4C6A-9847-B3B522C53361}.Debug|Any CPU.ActiveCfg = Debug|Any CPU
		{AC386553-43E5-4C6A-9847-B3B522C53361}.Debug|Any CPU.Build.0 = Debug|Any CPU
		{AC386553-43E5-4C6A-9847-B3B522C53361}.Release|Any CPU.ActiveCfg = Release|Any CPU
		{AC386553-43E5-4C6A-9847-B3B522C53361}.Release|Any CPU.Build.0 = Release|Any CPU
	EndGlobalSection
	GlobalSection(SolutionProperties) = preSolution
		HideSolutionNode = FALSE
	EndGlobalSection
	GlobalSection(ExtensibilityGlobals) = postSolution
		SolutionGuid = {3459588B-57C9-45AD-9135-43BA79A14F0B}
	EndGlobalSection
EndGlobal
